
Microsoft Visual Studio Solution File, Format Version 12.00
# Visual Studio Version 17
VisualStudioVersion = 17.0.31903.59
MinimumVisualStudioVersion = 10.0.40219.1
Project("{FAE04EC0-301F-11D3-BF4B-00C04F79EFBC}") = "API", "API\API.csproj", "{AD625846-85F7-44AD-B272-A095A247BFB2}"
EndProject
Project("{FAE04EC0-301F-11D3-BF4B-00C04F79EFBC}") = "Application", "Application\Application.csproj", "{61D3C7DC-B874-45A2-951A-9171DC3C946A}"
EndProject
Project("{FAE04EC0-301F-11D3-BF4B-00C04F79EFBC}") = "Domain", "Domain\Domain.csproj", "{1D8910A7-8E6C-44AA-A15F-E9BC9E8B13B2}"
EndProject
Project("{FAE04EC0-301F-11D3-BF4B-00C04F79EFBC}") = "Persistence", "Persistence\Persistence.csproj", "{D0FA094A-51AC-4CEF-8F1A-E5DFF52572D3}"
EndProject
Global
	GlobalSection(SolutionConfigurationPlatforms) = preSolution
		Debug|Any CPU = Debug|Any CPU
		Debug|x64 = Debug|x64
		Debug|x86 = Debug|x86
		Release|Any CPU = Release|Any CPU
		Release|x64 = Release|x64
		Release|x86 = Release|x86
	EndGlobalSection
	GlobalSection(ProjectConfigurationPlatforms) = postSolution
		{AD625846-85F7-44AD-B272-A095A247BFB2}.Debug|Any CPU.ActiveCfg = Debug|Any CPU
		{AD625846-85F7-44AD-B272-A095A247BFB2}.Debug|Any CPU.Build.0 = Debug|Any CPU
		{AD625846-85F7-44AD-B272-A095A247BFB2}.Debug|x64.ActiveCfg = Debug|Any CPU
		{AD625846-85F7-44AD-B272-A095A247BFB2}.Debug|x64.Build.0 = Debug|Any CPU
		{AD625846-85F7-44AD-B272-A095A247BFB2}.Debug|x86.ActiveCfg = Debug|Any CPU
		{AD625846-85F7-44AD-B272-A095A247BFB2}.Debug|x86.Build.0 = Debug|Any CPU
		{AD625846-85F7-44AD-B272-A095A247BFB2}.Release|Any CPU.ActiveCfg = Release|Any CPU
		{AD625846-85F7-44AD-B272-A095A247BFB2}.Release|Any CPU.Build.0 = Release|Any CPU
		{AD625846-85F7-44AD-B272-A095A247BFB2}.Release|x64.ActiveCfg = Release|Any CPU
		{AD625846-85F7-44AD-B272-A095A247BFB2}.Release|x64.Build.0 = Release|Any CPU
		{AD625846-85F7-44AD-B272-A095A247BFB2}.Release|x86.ActiveCfg = Release|Any CPU
		{AD625846-85F7-44AD-B272-A095A247BFB2}.Release|x86.Build.0 = Release|Any CPU
		{61D3C7DC-B874-45A2-951A-9171DC3C946A}.Debug|Any CPU.ActiveCfg = Debug|Any CPU
		{61D3C7DC-B874-45A2-951A-9171DC3C946A}.Debug|Any CPU.Build.0 = Debug|Any CPU
		{61D3C7DC-B874-45A2-951A-9171DC3C946A}.Debug|x64.ActiveCfg = Debug|Any CPU
		{61D3C7DC-B874-45A2-951A-9171DC3C946A}.Debug|x64.Build.0 = Debug|Any CPU
		{61D3C7DC-B874-45A2-951A-9171DC3C946A}.Debug|x86.ActiveCfg = Debug|Any CPU
		{61D3C7DC-B874-45A2-951A-9171DC3C946A}.Debug|x86.Build.0 = Debug|Any CPU
		{61D3C7DC-B874-45A2-951A-9171DC3C946A}.Release|Any CPU.ActiveCfg = Release|Any CPU
		{61D3C7DC-B874-45A2-951A-9171DC3C946A}.Release|Any CPU.Build.0 = Release|Any CPU
		{61D3C7DC-B874-45A2-951A-9171DC3C946A}.Release|x64.ActiveCfg = Release|Any CPU
		{61D3C7DC-B874-45A2-951A-9171DC3C946A}.Release|x64.Build.0 = Release|Any CPU
		{61D3C7DC-B874-45A2-951A-9171DC3C946A}.Release|x86.ActiveCfg = Release|Any CPU
		{61D3C7DC-B874-45A2-951A-9171DC3C946A}.Release|x86.Build.0 = Release|Any CPU
		{1D8910A7-8E6C-44AA-A15F-E9BC9E8B13B2}.Debug|Any CPU.ActiveCfg = Debug|Any CPU
		{1D8910A7-8E6C-44AA-A15F-E9BC9E8B13B2}.Debug|Any CPU.Build.0 = Debug|Any CPU
		{1D8910A7-8E6C-44AA-A15F-E9BC9E8B13B2}.Debug|x64.ActiveCfg = Debug|Any CPU
		{1D8910A7-8E6C-44AA-A15F-E9BC9E8B13B2}.Debug|x64.Build.0 = Debug|Any CPU
		{1D8910A7-8E6C-44AA-A15F-E9BC9E8B13B2}.Debug|x86.ActiveCfg = Debug|Any CPU
		{1D8910A7-8E6C-44AA-A15F-E9BC9E8B13B2}.Debug|x86.Build.0 = Debug|Any CPU
		{1D8910A7-8E6C-44AA-A15F-E9BC9E8B13B2}.Release|Any CPU.ActiveCfg = Release|Any CPU
		{1D8910A7-8E6C-44AA-A15F-E9BC9E8B13B2}.Release|Any CPU.Build.0 = Release|Any CPU
		{1D8910A7-8E6C-44AA-A15F-E9BC9E8B13B2}.Release|x64.ActiveCfg = Release|Any CPU
		{1D8910A7-8E6C-44AA-A15F-E9BC9E8B13B2}.Release|x64.Build.0 = Release|Any CPU
		{1D8910A7-8E6C-44AA-A15F-E9BC9E8B13B2}.Release|x86.ActiveCfg = Release|Any CPU
		{1D8910A7-8E6C-44AA-A15F-E9BC9E8B13B2}.Release|x86.Build.0 = Release|Any CPU
		{D0FA094A-51AC-4CEF-8F1A-E5DFF52572D3}.Debug|Any CPU.ActiveCfg = Debug|Any CPU
		{D0FA094A-51AC-4CEF-8F1A-E5DFF52572D3}.Debug|Any CPU.Build.0 = Debug|Any CPU
		{D0FA094A-51AC-4CEF-8F1A-E5DFF52572D3}.Debug|x64.ActiveCfg = Debug|Any CPU
		{D0FA094A-51AC-4CEF-8F1A-E5DFF52572D3}.Debug|x64.Build.0 = Debug|Any CPU
		{D0FA094A-51AC-4CEF-8F1A-E5DFF52572D3}.Debug|x86.ActiveCfg = Debug|Any CPU
		{D0FA094A-51AC-4CEF-8F1A-E5DFF52572D3}.Debug|x86.Build.0 = Debug|Any CPU
		{D0FA094A-51AC-4CEF-8F1A-E5DFF52572D3}.Release|Any CPU.ActiveCfg = Release|Any CPU
		{D0FA094A-51AC-4CEF-8F1A-E5DFF52572D3}.Release|Any CPU.Build.0 = Release|Any CPU
		{D0FA094A-51AC-4CEF-8F1A-E5DFF52572D3}.Release|x64.ActiveCfg = Release|Any CPU
		{D0FA094A-51AC-4CEF-8F1A-E5DFF52572D3}.Release|x64.Build.0 = Release|Any CPU
		{D0FA094A-51AC-4CEF-8F1A-E5DFF52572D3}.Release|x86.ActiveCfg = Release|Any CPU
		{D0FA094A-51AC-4CEF-8F1A-E5DFF52572D3}.Release|x86.Build.0 = Release|Any CPU
	EndGlobalSection
	GlobalSection(SolutionProperties) = preSolution
		HideSolutionNode = FALSE
	EndGlobalSection
EndGlobal
